
Microsoft Visual Studio Solution File, Format Version 12.00
# Visual Studio 14
VisualStudioVersion = 14.0.23107.0
MinimumVisualStudioVersion = 10.0.40219.1
Project("{E24C65DC-7377-472B-9ABA-BC803B73C61A}") = "_2019_Fall_415", "_2019_Fall_415\", "{6B73F106-B096-49FB-823E-83C2CAF6FA22}"
	ProjectSection(WebsiteProperties) = preProject
		TargetFrameworkMoniker = ".NETFramework,Version%3Dv4.7.2"
		Debug.AspNetCompiler.VirtualPath = "/localhost_2282"
		Debug.AspNetCompiler.PhysicalPath = "_2019_Fall_415\"
		Debug.AspNetCompiler.TargetPath = "PrecompiledWeb\localhost_2282\"
		Debug.AspNetCompiler.Updateable = "true"
		Debug.AspNetCompiler.ForceOverwrite = "true"
		Debug.AspNetCompiler.FixedNames = "false"
		Debug.AspNetCompiler.Debug = "True"
		Release.AspNetCompiler.VirtualPath = "/localhost_2282"
		Release.AspNetCompiler.PhysicalPath = "_2019_Fall_415\"
		Release.AspNetCompiler.TargetPath = "PrecompiledWeb\localhost_2282\"
		Release.AspNetCompiler.Updateable = "true"
		Release.AspNetCompiler.ForceOverwrite = "true"
		Release.AspNetCompiler.FixedNames = "false"
		Release.AspNetCompiler.Debug = "False"
		VWDPort = "2282"
		SlnRelativePath = "_2019_Fall_415\"
		DefaultWebSiteLanguage = "Visual C#"
	EndProjectSection
EndProject
Global
	GlobalSection(SolutionConfigurationPlatforms) = preSolution
		Debug|Any CPU = Debug|Any CPU
	EndGlobalSection
	GlobalSection(ProjectConfigurationPlatforms) = postSolution
		{6B73F106-B096-49FB-823E-83C2CAF6FA22}.Debug|Any CPU.ActiveCfg = Debug|Any CPU
		{6B73F106-B096-49FB-823E-83C2CAF6FA22}.Debug|Any CPU.Build.0 = Debug|Any CPU
	EndGlobalSection
	GlobalSection(SolutionProperties) = preSolution
		HideSolutionNode = FALSE
	EndGlobalSection
	GlobalSection(ExtensibilityGlobals) = postSolution
		SolutionGuid = {AE6B2680-6EBB-4ED7-9180-341D667B7E5A}
	EndGlobalSection
EndGlobal
